<?xml version="1.0" encoding="utf-8"?>
<Project ToolsVersion="14.0" xmlns="http://schemas.microsoft.com/developer/msbuild/2003">
  <ItemGroup>
    <ClCompile Include="D:\vs_projects\openpose-1.5.0\src\openpose\3d\cameraParameterReader.cpp">
      <Filter>Source Files\3d</Filter>
    </ClCompile>
    <ClCompile Include="D:\vs_projects\openpose-1.5.0\src\openpose\3d\defineTemplates.cpp">
      <Filter>Source Files\3d</Filter>
    </ClCompile>
    <ClCompile Include="D:\vs_projects\openpose-1.5.0\src\openpose\3d\jointAngleEstimation.cpp">
      <Filter>Source Files\3d</Filter>
    </ClCompile>
    <ClCompile Include="D:\vs_projects\openpose-1.5.0\src\openpose\3d\poseTriangulation.cpp">
      <Filter>Source Files\3d</Filter>
    </ClCompile>
    <ClCompile Include="D:\vs_projects\openpose-1.5.0\src\openpose\calibration\cameraParameterEstimation.cpp">
      <Filter>Source Files\calibration</Filter>
    </ClCompile>
    <ClCompile Include="D:\vs_projects\openpose-1.5.0\src\openpose\calibration\gridPatternFunctions.cpp">
      <Filter>Source Files\calibration</Filter>
    </ClCompile>
    <ClCompile Include="D:\vs_projects\openpose-1.5.0\src\openpose\core\array.cpp">
      <Filter>Source Files\core</Filter>
    </ClCompile>
    <ClCompile Include="D:\vs_projects\openpose-1.5.0\src\openpose\core\arrayCpuGpu.cpp">
      <Filter>Source Files\core</Filter>
    </ClCompile>
    <ClCompile Include="D:\vs_projects\openpose-1.5.0\src\openpose\core\cvMatToOpInput.cpp">
      <Filter>Source Files\core</Filter>
    </ClCompile>
    <ClCompile Include="D:\vs_projects\openpose-1.5.0\src\openpose\core\cvMatToOpOutput.cpp">
      <Filter>Source Files\core</Filter>
    </ClCompile>
    <ClCompile Include="D:\vs_projects\openpose-1.5.0\src\openpose\core\datum.cpp">
      <Filter>Source Files\core</Filter>
    </ClCompile>
    <ClCompile Include="D:\vs_projects\openpose-1.5.0\src\openpose\core\defineTemplates.cpp">
      <Filter>Source Files\core</Filter>
    </ClCompile>
    <ClCompile Include="D:\vs_projects\openpose-1.5.0\src\openpose\core\gpuRenderer.cpp">
      <Filter>Source Files\core</Filter>
    </ClCompile>
    <ClCompile Include="D:\vs_projects\openpose-1.5.0\src\openpose\core\keepTopNPeople.cpp">
      <Filter>Source Files\core</Filter>
    </ClCompile>
    <ClCompile Include="D:\vs_projects\openpose-1.5.0\src\openpose\core\keypointScaler.cpp">
      <Filter>Source Files\core</Filter>
    </ClCompile>
    <ClCompile Include="D:\vs_projects\openpose-1.5.0\src\openpose\core\opOutputToCvMat.cpp">
      <Filter>Source Files\core</Filter>
    </ClCompile>
    <ClCompile Include="D:\vs_projects\openpose-1.5.0\src\openpose\core\point.cpp">
      <Filter>Source Files\core</Filter>
    </ClCompile>
    <ClCompile Include="D:\vs_projects\openpose-1.5.0\src\openpose\core\rectangle.cpp">
      <Filter>Source Files\core</Filter>
    </ClCompile>
    <ClCompile Include="D:\vs_projects\openpose-1.5.0\src\openpose\core\renderer.cpp">
      <Filter>Source Files\core</Filter>
    </ClCompile>
    <ClCompile Include="D:\vs_projects\openpose-1.5.0\src\openpose\core\scaleAndSizeExtractor.cpp">
      <Filter>Source Files\core</Filter>
    </ClCompile>
    <ClCompile Include="D:\vs_projects\openpose-1.5.0\src\openpose\core\verbosePrinter.cpp">
      <Filter>Source Files\core</Filter>
    </ClCompile>
    <ClCompile Include="D:\vs_projects\openpose-1.5.0\src\openpose\face\defineTemplates.cpp">
      <Filter>Source Files\face</Filter>
    </ClCompile>
    <ClCompile Include="D:\vs_projects\openpose-1.5.0\src\openpose\face\faceDetector.cpp">
      <Filter>Source Files\face</Filter>
    </ClCompile>
    <ClCompile Include="D:\vs_projects\openpose-1.5.0\src\openpose\face\faceDetectorOpenCV.cpp">
      <Filter>Source Files\face</Filter>
    </ClCompile>
    <ClCompile Include="D:\vs_projects\openpose-1.5.0\src\openpose\face\faceExtractorCaffe.cpp">
      <Filter>Source Files\face</Filter>
    </ClCompile>
    <ClCompile Include="D:\vs_projects\openpose-1.5.0\src\openpose\face\faceExtractorNet.cpp">
      <Filter>Source Files\face</Filter>
    </ClCompile>
    <ClCompile Include="D:\vs_projects\openpose-1.5.0\src\openpose\face\faceCpuRenderer.cpp">
      <Filter>Source Files\face</Filter>
    </ClCompile>
    <ClCompile Include="D:\vs_projects\openpose-1.5.0\src\openpose\face\faceGpuRenderer.cpp">
      <Filter>Source Files\face</Filter>
    </ClCompile>
    <ClCompile Include="D:\vs_projects\openpose-1.5.0\src\openpose\face\faceRenderer.cpp">
      <Filter>Source Files\face</Filter>
    </ClCompile>
    <ClCompile Include="D:\vs_projects\openpose-1.5.0\src\openpose\face\renderFace.cpp">
      <Filter>Source Files\face</Filter>
    </ClCompile>
    <ClCompile Include="D:\vs_projects\openpose-1.5.0\src\openpose\filestream\bvhSaver.cpp">
      <Filter>Source Files\filestream</Filter>
    </ClCompile>
    <ClCompile Include="D:\vs_projects\openpose-1.5.0\src\openpose\filestream\cocoJsonSaver.cpp">
      <Filter>Source Files\filestream</Filter>
    </ClCompile>
    <ClCompile Include="D:\vs_projects\openpose-1.5.0\src\openpose\filestream\defineTemplates.cpp">
      <Filter>Source Files\filestream</Filter>
    </ClCompile>
    <ClCompile Include="D:\vs_projects\openpose-1.5.0\src\openpose\filestream\fileSaver.cpp">
      <Filter>Source Files\filestream</Filter>
    </ClCompile>
    <ClCompile Include="D:\vs_projects\openpose-1.5.0\src\openpose\filestream\fileStream.cpp">
      <Filter>Source Files\filestream</Filter>
    </ClCompile>
    <ClCompile Include="D:\vs_projects\openpose-1.5.0\src\openpose\filestream\heatMapSaver.cpp">
      <Filter>Source Files\filestream</Filter>
    </ClCompile>
    <ClCompile Include="D:\vs_projects\openpose-1.5.0\src\openpose\filestream\imageSaver.cpp">
      <Filter>Source Files\filestream</Filter>
    </ClCompile>
    <ClCompile Include="D:\vs_projects\openpose-1.5.0\src\openpose\filestream\jsonOfstream.cpp">
      <Filter>Source Files\filestream</Filter>
    </ClCompile>
    <ClCompile Include="D:\vs_projects\openpose-1.5.0\src\openpose\filestream\keypointSaver.cpp">
      <Filter>Source Files\filestream</Filter>
    </ClCompile>
    <ClCompile Include="D:\vs_projects\openpose-1.5.0\src\openpose\filestream\peopleJsonSaver.cpp">
      <Filter>Source Files\filestream</Filter>
    </ClCompile>
    <ClCompile Include="D:\vs_projects\openpose-1.5.0\src\openpose\filestream\udpSender.cpp">
      <Filter>Source Files\filestream</Filter>
    </ClCompile>
    <ClCompile Include="D:\vs_projects\openpose-1.5.0\src\openpose\filestream\videoSaver.cpp">
      <Filter>Source Files\filestream</Filter>
    </ClCompile>
    <ClCompile Include="D:\vs_projects\openpose-1.5.0\src\openpose\gpu\cuda.cpp">
      <Filter>Source Files\gpu</Filter>
    </ClCompile>
    <ClCompile Include="D:\vs_projects\openpose-1.5.0\src\openpose\gpu\gpu.cpp">
      <Filter>Source Files\gpu</Filter>
    </ClCompile>
    <ClCompile Include="D:\vs_projects\openpose-1.5.0\src\openpose\gpu\opencl.cpp">
      <Filter>Source Files\gpu</Filter>
    </ClCompile>
    <ClCompile Include="D:\vs_projects\openpose-1.5.0\src\openpose\gui\defineTemplates.cpp">
      <Filter>Source Files\gui</Filter>
    </ClCompile>
    <ClCompile Include="D:\vs_projects\openpose-1.5.0\src\openpose\gui\frameDisplayer.cpp">
      <Filter>Source Files\gui</Filter>
    </ClCompile>
    <ClCompile Include="D:\vs_projects\openpose-1.5.0\src\openpose\gui\gui.cpp">
      <Filter>Source Files\gui</Filter>
    </ClCompile>
    <ClCompile Include="D:\vs_projects\openpose-1.5.0\src\openpose\gui\guiAdam.cpp">
      <Filter>Source Files\gui</Filter>
    </ClCompile>
    <ClCompile Include="D:\vs_projects\openpose-1.5.0\src\openpose\gui\gui3D.cpp">
      <Filter>Source Files\gui</Filter>
    </ClCompile>
    <ClCompile Include="D:\vs_projects\openpose-1.5.0\src\openpose\gui\guiInfoAdder.cpp">
      <Filter>Source Files\gui</Filter>
    </ClCompile>
    <ClCompile Include="D:\vs_projects\openpose-1.5.0\src\openpose\hand\defineTemplates.cpp">
      <Filter>Source Files\hand</Filter>
    </ClCompile>
    <ClCompile Include="D:\vs_projects\openpose-1.5.0\src\openpose\hand\handDetector.cpp">
      <Filter>Source Files\hand</Filter>
    </ClCompile>
    <ClCompile Include="D:\vs_projects\openpose-1.5.0\src\openpose\hand\handDetectorFromTxt.cpp">
      <Filter>Source Files\hand</Filter>
    </ClCompile>
    <ClCompile Include="D:\vs_projects\openpose-1.5.0\src\openpose\hand\handExtractorCaffe.cpp">
      <Filter>Source Files\hand</Filter>
    </ClCompile>
    <ClCompile Include="D:\vs_projects\openpose-1.5.0\src\openpose\hand\handExtractorNet.cpp">
      <Filter>Source Files\hand</Filter>
    </ClCompile>
    <ClCompile Include="D:\vs_projects\openpose-1.5.0\src\openpose\hand\handCpuRenderer.cpp">
      <Filter>Source Files\hand</Filter>
    </ClCompile>
    <ClCompile Include="D:\vs_projects\openpose-1.5.0\src\openpose\hand\handGpuRenderer.cpp">
      <Filter>Source Files\hand</Filter>
    </ClCompile>
    <ClCompile Include="D:\vs_projects\openpose-1.5.0\src\openpose\hand\handRenderer.cpp">
      <Filter>Source Files\hand</Filter>
    </ClCompile>
    <ClCompile Include="D:\vs_projects\openpose-1.5.0\src\openpose\hand\renderHand.cpp">
      <Filter>Source Files\hand</Filter>
    </ClCompile>
    <ClCompile Include="D:\vs_projects\openpose-1.5.0\src\openpose\net\bodyPartConnectorBase.cpp">
      <Filter>Source Files\net</Filter>
    </ClCompile>
    <ClCompile Include="D:\vs_projects\openpose-1.5.0\src\openpose\net\bodyPartConnectorBaseCL.cpp">
      <Filter>Source Files\net</Filter>
    </ClCompile>
    <ClCompile Include="D:\vs_projects\openpose-1.5.0\src\openpose\net\bodyPartConnectorCaffe.cpp">
      <Filter>Source Files\net</Filter>
    </ClCompile>
    <ClCompile Include="D:\vs_projects\openpose-1.5.0\src\openpose\net\maximumBase.cpp">
      <Filter>Source Files\net</Filter>
    </ClCompile>
    <ClCompile Include="D:\vs_projects\openpose-1.5.0\src\openpose\net\maximumCaffe.cpp">
      <Filter>Source Files\net</Filter>
    </ClCompile>
    <ClCompile Include="D:\vs_projects\openpose-1.5.0\src\openpose\net\netCaffe.cpp">
      <Filter>Source Files\net</Filter>
    </ClCompile>
    <ClCompile Include="D:\vs_projects\openpose-1.5.0\src\openpose\net\netOpenCv.cpp">
      <Filter>Source Files\net</Filter>
    </ClCompile>
    <ClCompile Include="D:\vs_projects\openpose-1.5.0\src\openpose\net\nmsBase.cpp">
      <Filter>Source Files\net</Filter>
    </ClCompile>
    <ClCompile Include="D:\vs_projects\openpose-1.5.0\src\openpose\net\nmsBaseCL.cpp">
      <Filter>Source Files\net</Filter>
    </ClCompile>
    <ClCompile Include="D:\vs_projects\openpose-1.5.0\src\openpose\net\nmsCaffe.cpp">
      <Filter>Source Files\net</Filter>
    </ClCompile>
    <ClCompile Include="D:\vs_projects\openpose-1.5.0\src\openpose\net\resizeAndMergeBase.cpp">
      <Filter>Source Files\net</Filter>
    </ClCompile>
    <ClCompile Include="D:\vs_projects\openpose-1.5.0\src\openpose\net\resizeAndMergeBaseCL.cpp">
      <Filter>Source Files\net</Filter>
    </ClCompile>
    <ClCompile Include="D:\vs_projects\openpose-1.5.0\src\openpose\net\resizeAndMergeCaffe.cpp">
      <Filter>Source Files\net</Filter>
    </ClCompile>
    <ClCompile Include="D:\vs_projects\openpose-1.5.0\src\openpose\pose\defineTemplates.cpp">
      <Filter>Source Files\pose</Filter>
    </ClCompile>
    <ClCompile Include="D:\vs_projects\openpose-1.5.0\src\openpose\pose\poseCpuRenderer.cpp">
      <Filter>Source Files\pose</Filter>
    </ClCompile>
    <ClCompile Include="D:\vs_projects\openpose-1.5.0\src\openpose\pose\poseExtractor.cpp">
      <Filter>Source Files\pose</Filter>
    </ClCompile>
    <ClCompile Include="D:\vs_projects\openpose-1.5.0\src\openpose\pose\poseExtractorCaffe.cpp">
      <Filter>Source Files\pose</Filter>
    </ClCompile>
    <ClCompile Include="D:\vs_projects\openpose-1.5.0\src\openpose\pose\poseExtractorNet.cpp">
      <Filter>Source Files\pose</Filter>
    </ClCompile>
    <ClCompile Include="D:\vs_projects\openpose-1.5.0\src\openpose\pose\poseGpuRenderer.cpp">
      <Filter>Source Files\pose</Filter>
    </ClCompile>
    <ClCompile Include="D:\vs_projects\openpose-1.5.0\src\openpose\pose\poseParameters.cpp">
      <Filter>Source Files\pose</Filter>
    </ClCompile>
    <ClCompile Include="D:\vs_projects\openpose-1.5.0\src\openpose\pose\poseParametersRender.cpp">
      <Filter>Source Files\pose</Filter>
    </ClCompile>
    <ClCompile Include="D:\vs_projects\openpose-1.5.0\src\openpose\pose\poseRenderer.cpp">
      <Filter>Source Files\pose</Filter>
    </ClCompile>
    <ClCompile Include="D:\vs_projects\openpose-1.5.0\src\openpose\pose\renderPose.cpp">
      <Filter>Source Files\pose</Filter>
    </ClCompile>
    <ClCompile Include="D:\vs_projects\openpose-1.5.0\src\openpose\producer\defineTemplates.cpp">
      <Filter>Source Files\producer</Filter>
    </ClCompile>
    <ClCompile Include="D:\vs_projects\openpose-1.5.0\src\openpose\producer\flirReader.cpp">
      <Filter>Source Files\producer</Filter>
    </ClCompile>
    <ClCompile Include="D:\vs_projects\openpose-1.5.0\src\openpose\producer\imageDirectoryReader.cpp">
      <Filter>Source Files\producer</Filter>
    </ClCompile>
    <ClCompile Include="D:\vs_projects\openpose-1.5.0\src\openpose\producer\ipCameraReader.cpp">
      <Filter>Source Files\producer</Filter>
    </ClCompile>
    <ClCompile Include="D:\vs_projects\openpose-1.5.0\src\openpose\producer\producer.cpp">
      <Filter>Source Files\producer</Filter>
    </ClCompile>
    <ClCompile Include="D:\vs_projects\openpose-1.5.0\src\openpose\producer\spinnakerWrapper.cpp">
      <Filter>Source Files\producer</Filter>
    </ClCompile>
    <ClCompile Include="D:\vs_projects\openpose-1.5.0\src\openpose\producer\videoCaptureReader.cpp">
      <Filter>Source Files\producer</Filter>
    </ClCompile>
    <ClCompile Include="D:\vs_projects\openpose-1.5.0\src\openpose\producer\videoReader.cpp">
      <Filter>Source Files\producer</Filter>
    </ClCompile>
    <ClCompile Include="D:\vs_projects\openpose-1.5.0\src\openpose\producer\webcamReader.cpp">
      <Filter>Source Files\producer</Filter>
    </ClCompile>
    <ClCompile Include="D:\vs_projects\openpose-1.5.0\src\openpose\thread\defineTemplates.cpp">
      <Filter>Source Files\thread</Filter>
    </ClCompile>
    <ClCompile Include="D:\vs_projects\openpose-1.5.0\src\openpose\tracking\defineTemplates.cpp">
      <Filter>Source Files\tracking</Filter>
    </ClCompile>
    <ClCompile Include="D:\vs_projects\openpose-1.5.0\src\openpose\tracking\personIdExtractor.cpp">
      <Filter>Source Files\tracking</Filter>
    </ClCompile>
    <ClCompile Include="D:\vs_projects\openpose-1.5.0\src\openpose\tracking\personTracker.cpp">
      <Filter>Source Files\tracking</Filter>
    </ClCompile>
    <ClCompile Include="D:\vs_projects\openpose-1.5.0\src\openpose\tracking\pyramidalLK.cpp">
      <Filter>Source Files\tracking</Filter>
    </ClCompile>
    <ClCompile Include="D:\vs_projects\openpose-1.5.0\src\openpose\unity\unityBinding.cpp">
      <Filter>Source Files\unity</Filter>
    </ClCompile>
    <ClCompile Include="D:\vs_projects\openpose-1.5.0\src\openpose\utilities\errorAndLog.cpp">
      <Filter>Source Files\utilities</Filter>
    </ClCompile>
    <ClCompile Include="D:\vs_projects\openpose-1.5.0\src\openpose\utilities\fileSystem.cpp">
      <Filter>Source Files\utilities</Filter>
    </ClCompile>
    <ClCompile Include="D:\vs_projects\openpose-1.5.0\src\openpose\utilities\flagsToOpenPose.cpp">
      <Filter>Source Files\utilities</Filter>
    </ClCompile>
    <ClCompile Include="D:\vs_projects\openpose-1.5.0\src\openpose\utilities\keypoint.cpp">
      <Filter>Source Files\utilities</Filter>
    </ClCompile>
    <ClCompile Include="D:\vs_projects\openpose-1.5.0\src\openpose\utilities\openCv.cpp">
      <Filter>Source Files\utilities</Filter>
    </ClCompile>
    <ClCompile Include="D:\vs_projects\openpose-1.5.0\src\openpose\utilities\profiler.cpp">
      <Filter>Source Files\utilities</Filter>
    </ClCompile>
    <ClCompile Include="D:\vs_projects\openpose-1.5.0\src\openpose\utilities\string.cpp">
      <Filter>Source Files\utilities</Filter>
    </ClCompile>
    <ClCompile Include="D:\vs_projects\openpose-1.5.0\src\openpose\wrapper\defineTemplates.cpp">
      <Filter>Source Files\wrapper</Filter>
    </ClCompile>
    <ClCompile Include="D:\vs_projects\openpose-1.5.0\src\openpose\wrapper\wrapperAuxiliary.cpp">
      <Filter>Source Files\wrapper</Filter>
    </ClCompile>
    <ClCompile Include="D:\vs_projects\openpose-1.5.0\src\openpose\wrapper\wrapperStructExtra.cpp">
      <Filter>Source Files\wrapper</Filter>
    </ClCompile>
    <ClCompile Include="D:\vs_projects\openpose-1.5.0\src\openpose\wrapper\wrapperStructFace.cpp">
      <Filter>Source Files\wrapper</Filter>
    </ClCompile>
    <ClCompile Include="D:\vs_projects\openpose-1.5.0\src\openpose\wrapper\wrapperStructGui.cpp">
      <Filter>Source Files\wrapper</Filter>
    </ClCompile>
    <ClCompile Include="D:\vs_projects\openpose-1.5.0\src\openpose\wrapper\wrapperStructHand.cpp">
      <Filter>Source Files\wrapper</Filter>
    </ClCompile>
    <ClCompile Include="D:\vs_projects\openpose-1.5.0\src\openpose\wrapper\wrapperStructInput.cpp">
      <Filter>Source Files\wrapper</Filter>
    </ClCompile>
    <ClCompile Include="D:\vs_projects\openpose-1.5.0\src\openpose\wrapper\wrapperStructOutput.cpp">
      <Filter>Source Files\wrapper</Filter>
    </ClCompile>
    <ClCompile Include="D:\vs_projects\openpose-1.5.0\src\openpose\wrapper\wrapperStructPose.cpp">
      <Filter>Source Files\wrapper</Filter>
    </ClCompile>
  </ItemGroup>
  <ItemGroup>
    <CustomBuild Include="D:\vs_projects\openpose-1.5.0\src\openpose\face\renderFace.cu">
      <Filter>Source Files\face</Filter>
    </CustomBuild>
    <CustomBuild Include="D:\vs_projects\openpose-1.5.0\src\openpose\gpu\cuda.cu">
      <Filter>Source Files\gpu</Filter>
    </CustomBuild>
    <CustomBuild Include="D:\vs_projects\openpose-1.5.0\src\openpose\hand\renderHand.cu">
      <Filter>Source Files\hand</Filter>
    </CustomBuild>
    <CustomBuild Include="D:\vs_projects\openpose-1.5.0\src\openpose\net\bodyPartConnectorBase.cu">
      <Filter>Source Files\net</Filter>
    </CustomBuild>
    <CustomBuild Include="D:\vs_projects\openpose-1.5.0\src\openpose\net\maximumBase.cu">
      <Filter>Source Files\net</Filter>
    </CustomBuild>
    <CustomBuild Include="D:\vs_projects\openpose-1.5.0\src\openpose\net\nmsBase.cu">
      <Filter>Source Files\net</Filter>
    </CustomBuild>
    <CustomBuild Include="D:\vs_projects\openpose-1.5.0\src\openpose\net\resizeAndMergeBase.cu">
      <Filter>Source Files\net</Filter>
    </CustomBuild>
    <CustomBuild Include="D:\vs_projects\openpose-1.5.0\src\openpose\pose\renderPose.cu">
      <Filter>Source Files\pose</Filter>
    </CustomBuild>
    <CustomBuild Include="D:\vs_projects\openpose-1.5.0\src\openpose\tracking\pyramidalLK.cu">
      <Filter>Source Files\tracking</Filter>
    </CustomBuild>
  </ItemGroup>
  <ItemGroup>
    <Object Include="D:\vs_projects\openpose-1.5.0\build\src\openpose\CMakeFiles\openpose.dir\face\$(Configuration)\openpose_generated_renderFace.cu.obj">
      <Filter>Object Files</Filter>
    </Object>
    <Object Include="D:\vs_projects\openpose-1.5.0\build\src\openpose\CMakeFiles\openpose.dir\gpu\$(Configuration)\openpose_generated_cuda.cu.obj">
      <Filter>Object Files</Filter>
    </Object>
    <Object Include="D:\vs_projects\openpose-1.5.0\build\src\openpose\CMakeFiles\openpose.dir\hand\$(Configuration)\openpose_generated_renderHand.cu.obj">
      <Filter>Object Files</Filter>
    </Object>
    <Object Include="D:\vs_projects\openpose-1.5.0\build\src\openpose\CMakeFiles\openpose.dir\net\$(Configuration)\openpose_generated_bodyPartConnectorBase.cu.obj">
      <Filter>Object Files</Filter>
    </Object>
    <Object Include="D:\vs_projects\openpose-1.5.0\build\src\openpose\CMakeFiles\openpose.dir\net\$(Configuration)\openpose_generated_maximumBase.cu.obj">
      <Filter>Object Files</Filter>
    </Object>
    <Object Include="D:\vs_projects\openpose-1.5.0\build\src\openpose\CMakeFiles\openpose.dir\net\$(Configuration)\openpose_generated_nmsBase.cu.obj">
      <Filter>Object Files</Filter>
    </Object>
    <Object Include="D:\vs_projects\openpose-1.5.0\build\src\openpose\CMakeFiles\openpose.dir\net\$(Configuration)\openpose_generated_resizeAndMergeBase.cu.obj">
      <Filter>Object Files</Filter>
    </Object>
    <Object Include="D:\vs_projects\openpose-1.5.0\build\src\openpose\CMakeFiles\openpose.dir\pose\$(Configuration)\openpose_generated_renderPose.cu.obj">
      <Filter>Object Files</Filter>
    </Object>
    <Object Include="D:\vs_projects\openpose-1.5.0\build\src\openpose\CMakeFiles\openpose.dir\tracking\$(Configuration)\openpose_generated_pyramidalLK.cu.obj">
      <Filter>Object Files</Filter>
    </Object>
  </ItemGroup>
  <ItemGroup>
    <Filter Include="Object Files">
      <UniqueIdentifier>{F05770D5-3AF5-3AFD-8568-2AA96C640C95}</UniqueIdentifier>
    </Filter>
    <Filter Include="Source Files">
      <UniqueIdentifier>{39F45049-4BCF-3DC6-8103-9D10FD5FA9D8}</UniqueIdentifier>
    </Filter>
    <Filter Include="Source Files\3d">
      <UniqueIdentifier>{079CAF53-74EE-3206-97A6-FCAC4B7C8CF5}</UniqueIdentifier>
    </Filter>
    <Filter Include="Source Files\calibration">
      <UniqueIdentifier>{7D3A52C3-144B-3842-8448-F54DCF1BCE17}</UniqueIdentifier>
    </Filter>
    <Filter Include="Source Files\core">
      <UniqueIdentifier>{A036BA2A-3EB7-363C-8BEF-973A872DB1F0}</UniqueIdentifier>
    </Filter>
    <Filter Include="Source Files\face">
      <UniqueIdentifier>{9A0272D4-DA83-3212-B743-345A7FB037D8}</UniqueIdentifier>
    </Filter>
    <Filter Include="Source Files\filestream">
      <UniqueIdentifier>{92D6003F-B090-3E82-B65C-1B377846A99B}</UniqueIdentifier>
    </Filter>
    <Filter Include="Source Files\gpu">
      <UniqueIdentifier>{D8E37B3A-BC18-34AE-86C9-FCC9A88D974F}</UniqueIdentifier>
    </Filter>
    <Filter Include="Source Files\gui">
      <UniqueIdentifier>{260D3537-1638-3598-A479-6CB448AFABE1}</UniqueIdentifier>
    </Filter>
    <Filter Include="Source Files\hand">
      <UniqueIdentifier>{C61345A5-36A8-39D7-9A0F-3E2AA6EAB26B}</UniqueIdentifier>
    </Filter>
    <Filter Include="Source Files\net">
      <UniqueIdentifier>{1B318011-2620-3226-A6F7-6F213040300F}</UniqueIdentifier>
    </Filter>
    <Filter Include="Source Files\pose">
      <UniqueIdentifier>{46E3FA53-24DF-3290-B6F9-5FFE02FADC27}</UniqueIdentifier>
    </Filter>
    <Filter Include="Source Files\producer">
      <UniqueIdentifier>{BA0BF84A-3FA5-3FE7-91BE-5BC235AEF0A1}</UniqueIdentifier>
    </Filter>
    <Filter Include="Source Files\thread">
      <UniqueIdentifier>{1002B154-C86C-30AF-8652-CB245BDBC4B3}</UniqueIdentifier>
    </Filter>
    <Filter Include="Source Files\tracking">
      <UniqueIdentifier>{71EA5A35-92DF-3B7A-8ED1-3B4E9F042E11}</UniqueIdentifier>
    </Filter>
    <Filter Include="Source Files\unity">
      <UniqueIdentifier>{382ACF3A-991D-3859-B110-A261345EAB5F}</UniqueIdentifier>
    </Filter>
    <Filter Include="Source Files\utilities">
      <UniqueIdentifier>{E66F7613-A91E-3615-A25B-6372E41D7BE2}</UniqueIdentifier>
    </Filter>
    <Filter Include="Source Files\wrapper">
      <UniqueIdentifier>{E4826B23-2176-3F95-A2A1-019DD333A1C7}</UniqueIdentifier>
    </Filter>
  </ItemGroup>
</Project>
